[[package]]
name = "imap-tools"
version = "0.46.0"
description = "Work with email by IMAP"
category = "main"
optional = false
python-versions = "*"

[[package]]
name = "pdfkit"
version = "0.6.1"
description = "Wkhtmltopdf python wrapper to convert html to pdf using the webkit rendering engine and qt"
category = "main"
optional = false
python-versions = "*"

[[package]]
name = "python-configuration"
version = "0.8.2"
description = "A library to load configuration parameters from multiple sources and formats"
category = "main"
optional = false
python-versions = ">=3.6,<4.0"

[package.extras]
azure = ["azure-identity (>=1.5.0,<2.0.0)", "azure-keyvault (>=4.0.0,<5.0.0)"]
aws = ["boto3 (>=1.10.48,<2.0.0)"]
gcp = ["google-cloud-secret-manager (>=2.0.0,<3.0.0)"]
yaml = ["pyyaml (>=5.1,<6.0)"]
toml = ["toml (>=0.10.0,<0.11.0)"]

[metadata]
lock-version = "1.1"
python-versions = "^3.9"
content-hash = "aaed43a3e0ff57bb52be6741336f7ff2e4570794ce9a0a406e8a116649c92cf8"

[metadata.files]
imap-tools = [
    {file = "imap-tools-0.46.0.tar.gz", hash = "sha256:f32284c3d55f17112b0e8db9a148106b391d5945277d9b89bd6bfd9712bdd6bf"},
    {file = "imap_tools-0.46.0-py3-none-any.whl", hash = "sha256:b5f0dc2b4e45cf4a3724d0d845c218142e0cc01dbab220480dbc3c1cbf0bed69"},
]
pdfkit = [
    {file = "pdfkit-0.6.1-py2-none-any.whl", hash = "sha256:6a866c9659e62a81abd72cdb32b400762d76085b964beb0b15106d573a539677"},
    {file = "pdfkit-0.6.1-py2.7.egg", hash = "sha256:a315a665c266db28fb751891d0661fe5e750ced812cb4eadb3ce63afba9a7475"},
    {file = "pdfkit-0.6.1-py3-none-any.whl", hash = "sha256:05f1c631e8d9ab877886955da825e48b459e097886a21448ab17b34c60cfd66c"},
    {file = "pdfkit-0.6.1.tar.gz", hash = "sha256:ef1da35b78d534197e7ce4a604a4a190e9aa769e56634957535f3479a50d8cd1"},
]
python-configuration = [
    {file = "python-configuration-0.8.2.tar.gz", hash = "sha256:d733f788aabed4fb0e35020a0c428731f56a3dcebc787f82e9665e4cacc00861"},
    {file = "python_configuration-0.8.2-py3-none-any.whl", hash = "sha256:71d933a1dc7cc5c4c5196d9818456592dd6fdc684bf45db2f4c7dc37de58dd73"},
]
